
Microsoft Visual Studio Solution File, Format Version 12.00
# Visual Studio Version 16
VisualStudioVersion = 16.0.32407.337
MinimumVisualStudioVersion = 10.0.40219.1
Project("{2150E333-8FDC-42A3-9474-1A3956D46DE8}") = "API", "API", "{9CB386CA-3F38-4693-AFFB-0B2BEFB0284B}"
EndProject
Project("{2150E333-8FDC-42A3-9474-1A3956D46DE8}") = "STL", "STL", "{E72A1835-DABE-47F7-8E89-C89A04170FB7}"
EndProject
Project("{2150E333-8FDC-42A3-9474-1A3956D46DE8}") = "QT", "QT", "{7D99400E-B5C5-4573-BFD1-92B8326C0833}"
EndProject
Project("{2150E333-8FDC-42A3-9474-1A3956D46DE8}") = "C++", "C++", "{A6838175-BA3B-44D9-9C9A-DC81F8AF6AC6}"
EndProject
Project("{2150E333-8FDC-42A3-9474-1A3956D46DE8}") = "LeetCode", "LeetCode", "{ED05B8CD-467A-4109-9AE0-F6E29A141E3B}"
EndProject
Project("{2150E333-8FDC-42A3-9474-1A3956D46DE8}") = "Reg", "Reg", "{ADC7F08A-6D29-4AEC-80D1-CB717D507DC2}"
EndProject
Project("{2150E333-8FDC-42A3-9474-1A3956D46DE8}") = "pipeDemo", "pipeDemo", "{263764B5-BC9A-463E-B2B1-4F0B03DD86A6}"
EndProject
Project("{2150E333-8FDC-42A3-9474-1A3956D46DE8}") = "Json11", "Json11", "{25B64ADA-438B-4EDD-B597-C4ED294D375C}"
EndProject
Project("{2150E333-8FDC-42A3-9474-1A3956D46DE8}") = "Curl", "Curl", "{5FEDAAE4-1602-46A6-81EC-7812AD9BFD90}"
EndProject
Project("{2150E333-8FDC-42A3-9474-1A3956D46DE8}") = "Solution", "Solution", "{986E8B90-4A9E-4867-9307-1310F98FC9EF}"
EndProject
Project("{2150E333-8FDC-42A3-9474-1A3956D46DE8}") = "RouteMonitor", "RouteMonitor", "{F4897C8F-7965-42B9-97D9-58118C277000}"
EndProject
Project("{2150E333-8FDC-42A3-9474-1A3956D46DE8}") = "NetWork", "NetWork", "{5EFB92C9-7591-43E5-BEC5-B33753097BD9}"
EndProject
Project("{8BC9CEB8-8B4A-11D0-8D11-00A0C91BC942}") = "codeConvert", "Solution\codeConvert\codeConvert.vcxproj", "{9D2B39F7-9B48-49A8-BF77-A386ADD0A806}"
EndProject
Project("{8BC9CEB8-8B4A-11D0-8D11-00A0C91BC942}") = "Json11Test", "Solution\Json11Test\Json11Test.vcxproj", "{EE9E9D6E-BE7C-4465-9100-39A2546D882C}"
EndProject
Project("{8BC9CEB8-8B4A-11D0-8D11-00A0C91BC942}") = "RouteChangeTest", "WinAPI\RouteChange\RouteChange.vcxproj", "{D6930701-A16C-47B9-BA39-3D841CEBD5F7}"
EndProject
Project("{2150E333-8FDC-42A3-9474-1A3956D46DE8}") = "IPOption", "IPOption", "{31777506-1BA1-4F24-B829-5C3411E78B8A}"
EndProject
Project("{8BC9CEB8-8B4A-11D0-8D11-00A0C91BC942}") = "IPOption", "WinAPI\IPOption\IPOption.vcxproj", "{DB11B189-3D21-4292-9C84-780F2BB3D007}"
EndProject
Project("{8BC9CEB8-8B4A-11D0-8D11-00A0C91BC942}") = "RegGetValue", "WinAPI\RegGetValue\RegGetValue.vcxproj", "{E4F452D2-4EC2-4D45-8C42-6D5BC935047E}"
EndProject
Project("{8BC9CEB8-8B4A-11D0-8D11-00A0C91BC942}") = "RegType", "WinAPI\RegType\RegType.vcxproj", "{A73397F5-C46C-4BDE-B63F-936BFDD89CA1}"
EndProject
Project("{8BC9CEB8-8B4A-11D0-8D11-00A0C91BC942}") = "WaitForSingleObject", "WinAPI\WaitForSingleObject\WaitForSingleObject.vcxproj", "{8CA2D135-44F4-4349-B15A-4ABF92477708}"
EndProject
Project("{8BC9CEB8-8B4A-11D0-8D11-00A0C91BC942}") = "NetUser", "WinAPI\NetUser\NetUser.vcxproj", "{E47B59AE-6BFB-453E-8889-D0C932F7154D}"
EndProject
Project("{2150E333-8FDC-42A3-9474-1A3956D46DE8}") = "NetUser", "NetUser", "{0FBC854F-B5CF-485D-A81D-5ADC5811782F}"
EndProject
Project("{8BC9CEB8-8B4A-11D0-8D11-00A0C91BC942}") = "dumpcreate", "dumpcreate\dumpcreate.vcxproj", "{137AA2F4-01A1-4D52-BB0E-76833B51A49F}"
EndProject
Global
	GlobalSection(SolutionConfigurationPlatforms) = preSolution
		Debug|x64 = Debug|x64
		Debug|x86 = Debug|x86
		Release|x64 = Release|x64
		Release|x86 = Release|x86
	EndGlobalSection
	GlobalSection(ProjectConfigurationPlatforms) = postSolution
		{9D2B39F7-9B48-49A8-BF77-A386ADD0A806}.Debug|x64.ActiveCfg = Debug|x64
		{9D2B39F7-9B48-49A8-BF77-A386ADD0A806}.Debug|x64.Build.0 = Debug|x64
		{9D2B39F7-9B48-49A8-BF77-A386ADD0A806}.Debug|x86.ActiveCfg = Debug|Win32
		{9D2B39F7-9B48-49A8-BF77-A386ADD0A806}.Debug|x86.Build.0 = Debug|Win32
		{9D2B39F7-9B48-49A8-BF77-A386ADD0A806}.Release|x64.ActiveCfg = Release|x64
		{9D2B39F7-9B48-49A8-BF77-A386ADD0A806}.Release|x64.Build.0 = Release|x64
		{9D2B39F7-9B48-49A8-BF77-A386ADD0A806}.Release|x86.ActiveCfg = Release|Win32
		{9D2B39F7-9B48-49A8-BF77-A386ADD0A806}.Release|x86.Build.0 = Release|Win32
		{EE9E9D6E-BE7C-4465-9100-39A2546D882C}.Debug|x64.ActiveCfg = Debug|x64
		{EE9E9D6E-BE7C-4465-9100-39A2546D882C}.Debug|x64.Build.0 = Debug|x64
		{EE9E9D6E-BE7C-4465-9100-39A2546D882C}.Debug|x86.ActiveCfg = Debug|Win32
		{EE9E9D6E-BE7C-4465-9100-39A2546D882C}.Debug|x86.Build.0 = Debug|Win32
		{EE9E9D6E-BE7C-4465-9100-39A2546D882C}.Release|x64.ActiveCfg = Release|x64
		{EE9E9D6E-BE7C-4465-9100-39A2546D882C}.Release|x64.Build.0 = Release|x64
		{EE9E9D6E-BE7C-4465-9100-39A2546D882C}.Release|x86.ActiveCfg = Release|Win32
		{EE9E9D6E-BE7C-4465-9100-39A2546D882C}.Release|x86.Build.0 = Release|Win32
		{D6930701-A16C-47B9-BA39-3D841CEBD5F7}.Debug|x64.ActiveCfg = Debug|x64
		{D6930701-A16C-47B9-BA39-3D841CEBD5F7}.Debug|x64.Build.0 = Debug|x64
		{D6930701-A16C-47B9-BA39-3D841CEBD5F7}.Debug|x86.ActiveCfg = Debug|Win32
		{D6930701-A16C-47B9-BA39-3D841CEBD5F7}.Debug|x86.Build.0 = Debug|Win32
		{D6930701-A16C-47B9-BA39-3D841CEBD5F7}.Release|x64.ActiveCfg = Release|x64
		{D6930701-A16C-47B9-BA39-3D841CEBD5F7}.Release|x64.Build.0 = Release|x64
		{D6930701-A16C-47B9-BA39-3D841CEBD5F7}.Release|x86.ActiveCfg = Release|Win32
		{D6930701-A16C-47B9-BA39-3D841CEBD5F7}.Release|x86.Build.0 = Release|Win32
		{DB11B189-3D21-4292-9C84-780F2BB3D007}.Debug|x64.ActiveCfg = Debug|x64
		{DB11B189-3D21-4292-9C84-780F2BB3D007}.Debug|x64.Build.0 = Debug|x64
		{DB11B189-3D21-4292-9C84-780F2BB3D007}.Debug|x86.ActiveCfg = Debug|Win32
		{DB11B189-3D21-4292-9C84-780F2BB3D007}.Debug|x86.Build.0 = Debug|Win32
		{DB11B189-3D21-4292-9C84-780F2BB3D007}.Release|x64.ActiveCfg = Release|x64
		{DB11B189-3D21-4292-9C84-780F2BB3D007}.Release|x64.Build.0 = Release|x64
		{DB11B189-3D21-4292-9C84-780F2BB3D007}.Release|x86.ActiveCfg = Release|Win32
		{DB11B189-3D21-4292-9C84-780F2BB3D007}.Release|x86.Build.0 = Release|Win32
		{E4F452D2-4EC2-4D45-8C42-6D5BC935047E}.Debug|x64.ActiveCfg = Debug|x64
		{E4F452D2-4EC2-4D45-8C42-6D5BC935047E}.Debug|x64.Build.0 = Debug|x64
		{E4F452D2-4EC2-4D45-8C42-6D5BC935047E}.Debug|x86.ActiveCfg = Debug|Win32
		{E4F452D2-4EC2-4D45-8C42-6D5BC935047E}.Debug|x86.Build.0 = Debug|Win32
		{E4F452D2-4EC2-4D45-8C42-6D5BC935047E}.Release|x64.ActiveCfg = Release|x64
		{E4F452D2-4EC2-4D45-8C42-6D5BC935047E}.Release|x64.Build.0 = Release|x64
		{E4F452D2-4EC2-4D45-8C42-6D5BC935047E}.Release|x86.ActiveCfg = Release|Win32
		{E4F452D2-4EC2-4D45-8C42-6D5BC935047E}.Release|x86.Build.0 = Release|Win32
		{A73397F5-C46C-4BDE-B63F-936BFDD89CA1}.Debug|x64.ActiveCfg = Debug|x64
		{A73397F5-C46C-4BDE-B63F-936BFDD89CA1}.Debug|x64.Build.0 = Debug|x64
		{A73397F5-C46C-4BDE-B63F-936BFDD89CA1}.Debug|x86.ActiveCfg = Debug|Win32
		{A73397F5-C46C-4BDE-B63F-936BFDD89CA1}.Debug|x86.Build.0 = Debug|Win32
		{A73397F5-C46C-4BDE-B63F-936BFDD89CA1}.Release|x64.ActiveCfg = Release|x64
		{A73397F5-C46C-4BDE-B63F-936BFDD89CA1}.Release|x64.Build.0 = Release|x64
		{A73397F5-C46C-4BDE-B63F-936BFDD89CA1}.Release|x86.ActiveCfg = Release|Win32
		{A73397F5-C46C-4BDE-B63F-936BFDD89CA1}.Release|x86.Build.0 = Release|Win32
		{8CA2D135-44F4-4349-B15A-4ABF92477708}.Debug|x64.ActiveCfg = Debug|x64
		{8CA2D135-44F4-4349-B15A-4ABF92477708}.Debug|x64.Build.0 = Debug|x64
		{8CA2D135-44F4-4349-B15A-4ABF92477708}.Debug|x86.ActiveCfg = Debug|Win32
		{8CA2D135-44F4-4349-B15A-4ABF92477708}.Debug|x86.Build.0 = Debug|Win32
		{8CA2D135-44F4-4349-B15A-4ABF92477708}.Release|x64.ActiveCfg = Release|x64
		{8CA2D135-44F4-4349-B15A-4ABF92477708}.Release|x64.Build.0 = Release|x64
		{8CA2D135-44F4-4349-B15A-4ABF92477708}.Release|x86.ActiveCfg = Release|Win32
		{8CA2D135-44F4-4349-B15A-4ABF92477708}.Release|x86.Build.0 = Release|Win32
		{E47B59AE-6BFB-453E-8889-D0C932F7154D}.Debug|x64.ActiveCfg = Debug|x64
		{E47B59AE-6BFB-453E-8889-D0C932F7154D}.Debug|x64.Build.0 = Debug|x64
		{E47B59AE-6BFB-453E-8889-D0C932F7154D}.Debug|x86.ActiveCfg = Debug|Win32
		{E47B59AE-6BFB-453E-8889-D0C932F7154D}.Debug|x86.Build.0 = Debug|Win32
		{E47B59AE-6BFB-453E-8889-D0C932F7154D}.Release|x64.ActiveCfg = Release|x64
		{E47B59AE-6BFB-453E-8889-D0C932F7154D}.Release|x64.Build.0 = Release|x64
		{E47B59AE-6BFB-453E-8889-D0C932F7154D}.Release|x86.ActiveCfg = Release|Win32
		{E47B59AE-6BFB-453E-8889-D0C932F7154D}.Release|x86.Build.0 = Release|Win32
		{137AA2F4-01A1-4D52-BB0E-76833B51A49F}.Debug|x64.ActiveCfg = Debug|x64
		{137AA2F4-01A1-4D52-BB0E-76833B51A49F}.Debug|x64.Build.0 = Debug|x64
		{137AA2F4-01A1-4D52-BB0E-76833B51A49F}.Debug|x86.ActiveCfg = Debug|Win32
		{137AA2F4-01A1-4D52-BB0E-76833B51A49F}.Debug|x86.Build.0 = Debug|Win32
		{137AA2F4-01A1-4D52-BB0E-76833B51A49F}.Release|x64.ActiveCfg = Release|x64
		{137AA2F4-01A1-4D52-BB0E-76833B51A49F}.Release|x64.Build.0 = Release|x64
		{137AA2F4-01A1-4D52-BB0E-76833B51A49F}.Release|x86.ActiveCfg = Release|Win32
		{137AA2F4-01A1-4D52-BB0E-76833B51A49F}.Release|x86.Build.0 = Release|Win32
	EndGlobalSection
	GlobalSection(SolutionProperties) = preSolution
		HideSolutionNode = FALSE
	EndGlobalSection
	GlobalSection(NestedProjects) = preSolution
		{ADC7F08A-6D29-4AEC-80D1-CB717D507DC2} = {9CB386CA-3F38-4693-AFFB-0B2BEFB0284B}
		{263764B5-BC9A-463E-B2B1-4F0B03DD86A6} = {A6838175-BA3B-44D9-9C9A-DC81F8AF6AC6}
		{25B64ADA-438B-4EDD-B597-C4ED294D375C} = {A6838175-BA3B-44D9-9C9A-DC81F8AF6AC6}
		{5FEDAAE4-1602-46A6-81EC-7812AD9BFD90} = {A6838175-BA3B-44D9-9C9A-DC81F8AF6AC6}
		{F4897C8F-7965-42B9-97D9-58118C277000} = {9CB386CA-3F38-4693-AFFB-0B2BEFB0284B}
		{5EFB92C9-7591-43E5-BEC5-B33753097BD9} = {9CB386CA-3F38-4693-AFFB-0B2BEFB0284B}
		{9D2B39F7-9B48-49A8-BF77-A386ADD0A806} = {5FEDAAE4-1602-46A6-81EC-7812AD9BFD90}
		{EE9E9D6E-BE7C-4465-9100-39A2546D882C} = {25B64ADA-438B-4EDD-B597-C4ED294D375C}
		{D6930701-A16C-47B9-BA39-3D841CEBD5F7} = {F4897C8F-7965-42B9-97D9-58118C277000}
		{31777506-1BA1-4F24-B829-5C3411E78B8A} = {9CB386CA-3F38-4693-AFFB-0B2BEFB0284B}
		{DB11B189-3D21-4292-9C84-780F2BB3D007} = {31777506-1BA1-4F24-B829-5C3411E78B8A}
		{E4F452D2-4EC2-4D45-8C42-6D5BC935047E} = {ADC7F08A-6D29-4AEC-80D1-CB717D507DC2}
		{A73397F5-C46C-4BDE-B63F-936BFDD89CA1} = {ADC7F08A-6D29-4AEC-80D1-CB717D507DC2}
		{8CA2D135-44F4-4349-B15A-4ABF92477708} = {9CB386CA-3F38-4693-AFFB-0B2BEFB0284B}
		{E47B59AE-6BFB-453E-8889-D0C932F7154D} = {0FBC854F-B5CF-485D-A81D-5ADC5811782F}
		{0FBC854F-B5CF-485D-A81D-5ADC5811782F} = {9CB386CA-3F38-4693-AFFB-0B2BEFB0284B}
		{137AA2F4-01A1-4D52-BB0E-76833B51A49F} = {9CB386CA-3F38-4693-AFFB-0B2BEFB0284B}
	EndGlobalSection
	GlobalSection(ExtensibilityGlobals) = postSolution
		SolutionGuid = {0C5395B3-99E4-49E6-9943-488DC8B01AB6}
	EndGlobalSection
EndGlobal
